
Microsoft Visual Studio Solution File, Format Version 12.00
# Visual Studio Version 17
VisualStudioVersion = 17.13.35931.197 d17.13
MinimumVisualStudioVersion = 10.0.40219.1
Project("{8BC9CEB8-8B4A-11D0-8D11-00A0C91BC942}") = "PytorchCUDALearning", "PytorchCUDALearning\PytorchCUDALearning.vcxproj", "{21F5D7EA-CEDA-BBCD-1CD8-3B1689564A34}"
EndProject
Global
	GlobalSection(SolutionConfigurationPlatforms) = preSolution
		Debug|x64 = Debug|x64
		Release|x64 = Release|x64
	EndGlobalSection
	GlobalSection(ProjectConfigurationPlatforms) = postSolution
		{21F5D7EA-CEDA-BBCD-1CD8-3B1689564A34}.Debug|x64.ActiveCfg = Debug|x64
		{21F5D7EA-CEDA-BBCD-1CD8-3B1689564A34}.Debug|x64.Build.0 = Debug|x64
		{21F5D7EA-CEDA-BBCD-1CD8-3B1689564A34}.Release|x64.ActiveCfg = Release|x64
		{21F5D7EA-CEDA-BBCD-1CD8-3B1689564A34}.Release|x64.Build.0 = Release|x64
	EndGlobalSection
	GlobalSection(SolutionProperties) = preSolution
		HideSolutionNode = FALSE
	EndGlobalSection
	GlobalSection(ExtensibilityGlobals) = postSolution
		SolutionGuid = {AFF8E9F0-01E8-4767-BE3B-17B45E4BD8AA}
	EndGlobalSection
EndGlobal
